// !$*UTF8*$!
{
	archiveVersion = 1;
	classes = {
	};
	objectVersion = 50;
	objects = {

/* Begin PBXBuildFile section */
		8F43013F227AC7D00028FA6D /* AppDelegate.swift in Sources */ = {isa = PBXBuildFile; fileRef = 8F43013E227AC7D00028FA6D /* AppDelegate.swift */; };
		8F430144227AC7D00028FA6D /* Main.storyboard in Resources */ = {isa = PBXBuildFile; fileRef = 8F430142227AC7D00028FA6D /* Main.storyboard */; };
		8F430146227AC7D10028FA6D /* Assets.xcassets in Resources */ = {isa = PBXBuildFile; fileRef = 8F430145227AC7D10028FA6D /* Assets.xcassets */; };
		8F430149227AC7D10028FA6D /* LaunchScreen.storyboard in Resources */ = {isa = PBXBuildFile; fileRef = 8F430147227AC7D10028FA6D /* LaunchScreen.storyboard */; };
		8F43015F227AC7D10028FA6D /* KontactsUITests.swift in Sources */ = {isa = PBXBuildFile; fileRef = 8F43015E227AC7D10028FA6D /* KontactsUITests.swift */; };
		8F43016E227AC8300028FA6D /* ContactModel.swift in Sources */ = {isa = PBXBuildFile; fileRef = 8F43016D227AC8300028FA6D /* ContactModel.swift */; };
		8F430170227AC8CD0028FA6D /* ContactListViewController.swift in Sources */ = {isa = PBXBuildFile; fileRef = 8F43016F227AC8CC0028FA6D /* ContactListViewController.swift */; };
		8F430174227ACB9F0028FA6D /* ContactListCell.swift in Sources */ = {isa = PBXBuildFile; fileRef = 8F430173227ACB9F0028FA6D /* ContactListCell.swift */; };
		8F430176227ACC060028FA6D /* CustomImageView.swift in Sources */ = {isa = PBXBuildFile; fileRef = 8F430175227ACC060028FA6D /* CustomImageView.swift */; };
		8F430179227ACC520028FA6D /* Reusable.swift in Sources */ = {isa = PBXBuildFile; fileRef = 8F430178227ACC520028FA6D /* Reusable.swift */; };
		8F43017B227ACE460028FA6D /* ContactListViewModel.swift in Sources */ = {isa = PBXBuildFile; fileRef = 8F43017A227ACE460028FA6D /* ContactListViewModel.swift */; };
		8F430180227ACF750028FA6D /* ApiRouter.swift in Sources */ = {isa = PBXBuildFile; fileRef = 8F43017F227ACF750028FA6D /* ApiRouter.swift */; };
		8F430182227ACFF10028FA6D /* ContactService.swift in Sources */ = {isa = PBXBuildFile; fileRef = 8F430181227ACFF10028FA6D /* ContactService.swift */; };
		8F430184227AD1010028FA6D /* UIViewController+Ext.swift in Sources */ = {isa = PBXBuildFile; fileRef = 8F430183227AD1010028FA6D /* UIViewController+Ext.swift */; };
		8F430187227ADFE20028FA6D /* ContactDetailsViewController.swift in Sources */ = {isa = PBXBuildFile; fileRef = 8F430186227ADFE20028FA6D /* ContactDetailsViewController.swift */; };
		8F430189227AE0BF0028FA6D /* UIView+Ext.swift in Sources */ = {isa = PBXBuildFile; fileRef = 8F430188227AE0BF0028FA6D /* UIView+Ext.swift */; };
		8F43018B227AE2980028FA6D /* ContactDetailsModel.swift in Sources */ = {isa = PBXBuildFile; fileRef = 8F43018A227AE2980028FA6D /* ContactDetailsModel.swift */; };
		8F43018D227AE38A0028FA6D /* StoryboardLoadable.swift in Sources */ = {isa = PBXBuildFile; fileRef = 8F43018C227AE38A0028FA6D /* StoryboardLoadable.swift */; };
		8F43018F227AE5C80028FA6D /* ContactDetailsViewModel.swift in Sources */ = {isa = PBXBuildFile; fileRef = 8F43018E227AE5C80028FA6D /* ContactDetailsViewModel.swift */; };
		8F430192227AEBC40028FA6D /* AddEditContactViewController.swift in Sources */ = {isa = PBXBuildFile; fileRef = 8F430191227AEBC40028FA6D /* AddEditContactViewController.swift */; };
		8F430194227AECCC0028FA6D /* AddEditContactViewModel.swift in Sources */ = {isa = PBXBuildFile; fileRef = 8F430193227AECCC0028FA6D /* AddEditContactViewModel.swift */; };
		8F430198227AF0FA0028FA6D /* DataChangeDelegate.swift in Sources */ = {isa = PBXBuildFile; fileRef = 8F430197227AF0FA0028FA6D /* DataChangeDelegate.swift */; };
		8F43019A227AF5980028FA6D /* ContactListViewModelTests.swift in Sources */ = {isa = PBXBuildFile; fileRef = 8F430199227AF5980028FA6D /* ContactListViewModelTests.swift */; };
		8F43019C227AF87F0028FA6D /* ContactServiceProtocol.swift in Sources */ = {isa = PBXBuildFile; fileRef = 8F43019B227AF87F0028FA6D /* ContactServiceProtocol.swift */; };
		8F43019E227AFA2C0028FA6D /* MockContactService.swift in Sources */ = {isa = PBXBuildFile; fileRef = 8F43019D227AFA2C0028FA6D /* MockContactService.swift */; };
		8F4301A2227AFD470028FA6D /* MockData.swift in Sources */ = {isa = PBXBuildFile; fileRef = 8F4301A1227AFD470028FA6D /* MockData.swift */; };
		8F4301A4227B26D30028FA6D /* ContactDetailsViewModelTests.swift in Sources */ = {isa = PBXBuildFile; fileRef = 8F4301A3227B26D30028FA6D /* ContactDetailsViewModelTests.swift */; };
/* End PBXBuildFile section */

/* Begin PBXContainerItemProxy section */
		8F430150227AC7D10028FA6D /* PBXContainerItemProxy */ = {
			isa = PBXContainerItemProxy;
			containerPortal = 8F430133227AC7D00028FA6D /* Project object */;
			proxyType = 1;
			remoteGlobalIDString = 8F43013A227AC7D00028FA6D;
			remoteInfo = Kontacts;
		};
		8F43015B227AC7D10028FA6D /* PBXContainerItemProxy */ = {
			isa = PBXContainerItemProxy;
			containerPortal = 8F430133227AC7D00028FA6D /* Project object */;
			proxyType = 1;
			remoteGlobalIDString = 8F43013A227AC7D00028FA6D;
			remoteInfo = Kontacts;
		};
/* End PBXContainerItemProxy section */

/* Begin PBXFileReference section */
		8F43013B227AC7D00028FA6D /* Kontacts.app */ = {isa = PBXFileReference; explicitFileType = wrapper.application; includeInIndex = 0; path = Kontacts.app; sourceTree = BUILT_PRODUCTS_DIR; };
		8F43013E227AC7D00028FA6D /* AppDelegate.swift */ = {isa = PBXFileReference; lastKnownFileType = sourcecode.swift; path = AppDelegate.swift; sourceTree = "<group>"; };
		8F430143227AC7D00028FA6D /* Base */ = {isa = PBXFileReference; lastKnownFileType = file.storyboard; name = Base; path = Base.lproj/Main.storyboard; sourceTree = "<group>"; };
		8F430145227AC7D10028FA6D /* Assets.xcassets */ = {isa = PBXFileReference; lastKnownFileType = folder.assetcatalog; path = Assets.xcassets; sourceTree = "<group>"; };
		8F430148227AC7D10028FA6D /* Base */ = {isa = PBXFileReference; lastKnownFileType = file.storyboard; name = Base; path = Base.lproj/LaunchScreen.storyboard; sourceTree = "<group>"; };
		8F43014A227AC7D10028FA6D /* Info.plist */ = {isa = PBXFileReference; lastKnownFileType = text.plist.xml; path = Info.plist; sourceTree = "<group>"; };
		8F43014F227AC7D10028FA6D /* KontactsTests.xctest */ = {isa = PBXFileReference; explicitFileType = wrapper.cfbundle; includeInIndex = 0; path = KontactsTests.xctest; sourceTree = BUILT_PRODUCTS_DIR; };
		8F430155227AC7D10028FA6D /* Info.plist */ = {isa = PBXFileReference; lastKnownFileType = text.plist.xml; path = Info.plist; sourceTree = "<group>"; };
		8F43015A227AC7D10028FA6D /* KontactsUITests.xctest */ = {isa = PBXFileReference; explicitFileType = wrapper.cfbundle; includeInIndex = 0; path = KontactsUITests.xctest; sourceTree = BUILT_PRODUCTS_DIR; };
		8F43015E227AC7D10028FA6D /* KontactsUITests.swift */ = {isa = PBXFileReference; lastKnownFileType = sourcecode.swift; path = KontactsUITests.swift; sourceTree = "<group>"; };
		8F430160227AC7D10028FA6D /* Info.plist */ = {isa = PBXFileReference; lastKnownFileType = text.plist.xml; path = Info.plist; sourceTree = "<group>"; };
		8F43016D227AC8300028FA6D /* ContactModel.swift */ = {isa = PBXFileReference; lastKnownFileType = sourcecode.swift; path = ContactModel.swift; sourceTree = "<group>"; };
		8F43016F227AC8CC0028FA6D /* ContactListViewController.swift */ = {isa = PBXFileReference; lastKnownFileType = sourcecode.swift; path = ContactListViewController.swift; sourceTree = "<group>"; };
		8F430173227ACB9F0028FA6D /* ContactListCell.swift */ = {isa = PBXFileReference; lastKnownFileType = sourcecode.swift; path = ContactListCell.swift; sourceTree = "<group>"; };
		8F430175227ACC060028FA6D /* CustomImageView.swift */ = {isa = PBXFileReference; lastKnownFileType = sourcecode.swift; path = CustomImageView.swift; sourceTree = "<group>"; };
		8F430178227ACC520028FA6D /* Reusable.swift */ = {isa = PBXFileReference; lastKnownFileType = sourcecode.swift; path = Reusable.swift; sourceTree = "<group>"; };
		8F43017A227ACE460028FA6D /* ContactListViewModel.swift */ = {isa = PBXFileReference; lastKnownFileType = sourcecode.swift; path = ContactListViewModel.swift; sourceTree = "<group>"; };
		8F43017F227ACF750028FA6D /* ApiRouter.swift */ = {isa = PBXFileReference; lastKnownFileType = sourcecode.swift; path = ApiRouter.swift; sourceTree = "<group>"; };
		8F430181227ACFF10028FA6D /* ContactService.swift */ = {isa = PBXFileReference; lastKnownFileType = sourcecode.swift; path = ContactService.swift; sourceTree = "<group>"; };
		8F430183227AD1010028FA6D /* UIViewController+Ext.swift */ = {isa = PBXFileReference; lastKnownFileType = sourcecode.swift; path = "UIViewController+Ext.swift"; sourceTree = "<group>"; };
		8F430186227ADFE20028FA6D /* ContactDetailsViewController.swift */ = {isa = PBXFileReference; lastKnownFileType = sourcecode.swift; path = ContactDetailsViewController.swift; sourceTree = "<group>"; };
		8F430188227AE0BF0028FA6D /* UIView+Ext.swift */ = {isa = PBXFileReference; lastKnownFileType = sourcecode.swift; path = "UIView+Ext.swift"; sourceTree = "<group>"; };
		8F43018A227AE2980028FA6D /* ContactDetailsModel.swift */ = {isa = PBXFileReference; lastKnownFileType = sourcecode.swift; path = ContactDetailsModel.swift; sourceTree = "<group>"; };
		8F43018C227AE38A0028FA6D /* StoryboardLoadable.swift */ = {isa = PBXFileReference; lastKnownFileType = sourcecode.swift; path = StoryboardLoadable.swift; sourceTree = "<group>"; };
		8F43018E227AE5C80028FA6D /* ContactDetailsViewModel.swift */ = {isa = PBXFileReference; lastKnownFileType = sourcecode.swift; path = ContactDetailsViewModel.swift; sourceTree = "<group>"; };
		8F430191227AEBC40028FA6D /* AddEditContactViewController.swift */ = {isa = PBXFileReference; lastKnownFileType = sourcecode.swift; path = AddEditContactViewController.swift; sourceTree = "<group>"; };
		8F430193227AECCC0028FA6D /* AddEditContactViewModel.swift */ = {isa = PBXFileReference; lastKnownFileType = sourcecode.swift; path = AddEditContactViewModel.swift; sourceTree = "<group>"; };
		8F430197227AF0FA0028FA6D /* DataChangeDelegate.swift */ = {isa = PBXFileReference; lastKnownFileType = sourcecode.swift; path = DataChangeDelegate.swift; sourceTree = "<group>"; };
		8F430199227AF5980028FA6D /* ContactListViewModelTests.swift */ = {isa = PBXFileReference; lastKnownFileType = sourcecode.swift; path = ContactListViewModelTests.swift; sourceTree = "<group>"; };
		8F43019B227AF87F0028FA6D /* ContactServiceProtocol.swift */ = {isa = PBXFileReference; lastKnownFileType = sourcecode.swift; path = ContactServiceProtocol.swift; sourceTree = "<group>"; };
		8F43019D227AFA2C0028FA6D /* MockContactService.swift */ = {isa = PBXFileReference; lastKnownFileType = sourcecode.swift; path = MockContactService.swift; sourceTree = "<group>"; };
		8F4301A1227AFD470028FA6D /* MockData.swift */ = {isa = PBXFileReference; lastKnownFileType = sourcecode.swift; path = MockData.swift; sourceTree = "<group>"; };
		8F4301A3227B26D30028FA6D /* ContactDetailsViewModelTests.swift */ = {isa = PBXFileReference; lastKnownFileType = sourcecode.swift; path = ContactDetailsViewModelTests.swift; sourceTree = "<group>"; };
/* End PBXFileReference section */

/* Begin PBXFrameworksBuildPhase section */
		8F430138227AC7D00028FA6D /* Frameworks */ = {
			isa = PBXFrameworksBuildPhase;
			buildActionMask = 2147483647;
			files = (
			);
			runOnlyForDeploymentPostprocessing = 0;
		};
		8F43014C227AC7D10028FA6D /* Frameworks */ = {
			isa = PBXFrameworksBuildPhase;
			buildActionMask = 2147483647;
			files = (
			);
			runOnlyForDeploymentPostprocessing = 0;
		};
		8F430157227AC7D10028FA6D /* Frameworks */ = {
			isa = PBXFrameworksBuildPhase;
			buildActionMask = 2147483647;
			files = (
			);
			runOnlyForDeploymentPostprocessing = 0;
		};
/* End PBXFrameworksBuildPhase section */

/* Begin PBXGroup section */
		8F430132227AC7D00028FA6D = {
			isa = PBXGroup;
			children = (
				8F43013D227AC7D00028FA6D /* Kontacts */,
				8F430152227AC7D10028FA6D /* KontactsTests */,
				8F43015D227AC7D10028FA6D /* KontactsUITests */,
				8F43013C227AC7D00028FA6D /* Products */,
			);
			sourceTree = "<group>";
		};
		8F43013C227AC7D00028FA6D /* Products */ = {
			isa = PBXGroup;
			children = (
				8F43013B227AC7D00028FA6D /* Kontacts.app */,
				8F43014F227AC7D10028FA6D /* KontactsTests.xctest */,
				8F43015A227AC7D10028FA6D /* KontactsUITests.xctest */,
			);
			name = Products;
			sourceTree = "<group>";
		};
		8F43013D227AC7D00028FA6D /* Kontacts */ = {
			isa = PBXGroup;
			children = (
				8F43016C227AC8230028FA6D /* ContactList */,
				8F430190227AEBB10028FA6D /* AddEditContact */,
				8F430185227ADFC30028FA6D /* ContactDetails */,
				8F43017E227ACEFC0028FA6D /* ContactService */,
				8F430177227ACC400028FA6D /* Helper */,
				8F43017D227ACEA80028FA6D /* AdditionalFiles */,
				8F43017C227ACE980028FA6D /* UI */,
			);
			path = Kontacts;
			sourceTree = "<group>";
		};
		8F430152227AC7D10028FA6D /* KontactsTests */ = {
			isa = PBXGroup;
			children = (
				8F430155227AC7D10028FA6D /* Info.plist */,
				8F430199227AF5980028FA6D /* ContactListViewModelTests.swift */,
				8F4301A3227B26D30028FA6D /* ContactDetailsViewModelTests.swift */,
				8F43019D227AFA2C0028FA6D /* MockContactService.swift */,
				8F4301A1227AFD470028FA6D /* MockData.swift */,
			);
			path = KontactsTests;
			sourceTree = "<group>";
		};
		8F43015D227AC7D10028FA6D /* KontactsUITests */ = {
			isa = PBXGroup;
			children = (
				8F43015E227AC7D10028FA6D /* KontactsUITests.swift */,
				8F430160227AC7D10028FA6D /* Info.plist */,
			);
			path = KontactsUITests;
			sourceTree = "<group>";
		};
		8F43016C227AC8230028FA6D /* ContactList */ = {
			isa = PBXGroup;
			children = (
				8F43016D227AC8300028FA6D /* ContactModel.swift */,
				8F43016F227AC8CC0028FA6D /* ContactListViewController.swift */,
				8F43017A227ACE460028FA6D /* ContactListViewModel.swift */,
				8F430173227ACB9F0028FA6D /* ContactListCell.swift */,
			);
			path = ContactList;
			sourceTree = "<group>";
		};
		8F430177227ACC400028FA6D /* Helper */ = {
			isa = PBXGroup;
			children = (
				8F430178227ACC520028FA6D /* Reusable.swift */,
				8F430175227ACC060028FA6D /* CustomImageView.swift */,
				8F430183227AD1010028FA6D /* UIViewController+Ext.swift */,
				8F430188227AE0BF0028FA6D /* UIView+Ext.swift */,
				8F43018C227AE38A0028FA6D /* StoryboardLoadable.swift */,
				8F430197227AF0FA0028FA6D /* DataChangeDelegate.swift */,
			);
			path = Helper;
			sourceTree = "<group>";
		};
		8F43017C227ACE980028FA6D /* UI */ = {
			isa = PBXGroup;
			children = (
				8F430142227AC7D00028FA6D /* Main.storyboard */,
				8F430145227AC7D10028FA6D /* Assets.xcassets */,
				8F430147227AC7D10028FA6D /* LaunchScreen.storyboard */,
			);
			path = UI;
			sourceTree = "<group>";
		};
		8F43017D227ACEA80028FA6D /* AdditionalFiles */ = {
			isa = PBXGroup;
			children = (
				8F43013E227AC7D00028FA6D /* AppDelegate.swift */,
				8F43014A227AC7D10028FA6D /* Info.plist */,
			);
			path = AdditionalFiles;
			sourceTree = "<group>";
		};
		8F43017E227ACEFC0028FA6D /* ContactService */ = {
			isa = PBXGroup;
			children = (
				8F43017F227ACF750028FA6D /* ApiRouter.swift */,
				8F430181227ACFF10028FA6D /* ContactService.swift */,
				8F43019B227AF87F0028FA6D /* ContactServiceProtocol.swift */,
			);
			path = ContactService;
			sourceTree = "<group>";
		};
		8F430185227ADFC30028FA6D /* ContactDetails */ = {
			isa = PBXGroup;
			children = (
				8F43018A227AE2980028FA6D /* ContactDetailsModel.swift */,
				8F430186227ADFE20028FA6D /* ContactDetailsViewController.swift */,
				8F43018E227AE5C80028FA6D /* ContactDetailsViewModel.swift */,
			);
			path = ContactDetails;
			sourceTree = "<group>";
		};
		8F430190227AEBB10028FA6D /* AddEditContact */ = {
			isa = PBXGroup;
			children = (
				8F430191227AEBC40028FA6D /* AddEditContactViewController.swift */,
				8F430193227AECCC0028FA6D /* AddEditContactViewModel.swift */,
			);
			path = AddEditContact;
			sourceTree = "<group>";
		};
/* End PBXGroup section */

/* Begin PBXNativeTarget section */
		8F43013A227AC7D00028FA6D /* Kontacts */ = {
			isa = PBXNativeTarget;
			buildConfigurationList = 8F430163227AC7D10028FA6D /* Build configuration list for PBXNativeTarget "Kontacts" */;
			buildPhases = (
				8F430137227AC7D00028FA6D /* Sources */,
				8F430138227AC7D00028FA6D /* Frameworks */,
				8F430139227AC7D00028FA6D /* Resources */,
			);
			buildRules = (
			);
			dependencies = (
			);
			name = Kontacts;
			productName = Kontacts;
			productReference = 8F43013B227AC7D00028FA6D /* Kontacts.app */;
			productType = "com.apple.product-type.application";
		};
		8F43014E227AC7D10028FA6D /* KontactsTests */ = {
			isa = PBXNativeTarget;
			buildConfigurationList = 8F430166227AC7D10028FA6D /* Build configuration list for PBXNativeTarget "KontactsTests" */;
			buildPhases = (
				8F43014B227AC7D10028FA6D /* Sources */,
				8F43014C227AC7D10028FA6D /* Frameworks */,
				8F43014D227AC7D10028FA6D /* Resources */,
			);
			buildRules = (
			);
			dependencies = (
				8F430151227AC7D10028FA6D /* PBXTargetDependency */,
			);
			name = KontactsTests;
			productName = KontactsTests;
			productReference = 8F43014F227AC7D10028FA6D /* KontactsTests.xctest */;
			productType = "com.apple.product-type.bundle.unit-test";
		};
		8F430159227AC7D10028FA6D /* KontactsUITests */ = {
			isa = PBXNativeTarget;
			buildConfigurationList = 8F430169227AC7D10028FA6D /* Build configuration list for PBXNativeTarget "KontactsUITests" */;
			buildPhases = (
				8F430156227AC7D10028FA6D /* Sources */,
				8F430157227AC7D10028FA6D /* Frameworks */,
				8F430158227AC7D10028FA6D /* Resources */,
			);
			buildRules = (
			);
			dependencies = (
				8F43015C227AC7D10028FA6D /* PBXTargetDependency */,
			);
			name = KontactsUITests;
			productName = KontactsUITests;
			productReference = 8F43015A227AC7D10028FA6D /* KontactsUITests.xctest */;
			productType = "com.apple.product-type.bundle.ui-testing";
		};
/* End PBXNativeTarget section */

/* Begin PBXProject section */
		8F430133227AC7D00028FA6D /* Project object */ = {
			isa = PBXProject;
			attributes = {
				LastSwiftUpdateCheck = 1010;
				LastUpgradeCheck = 1010;
				ORGANIZATIONNAME = me.kapilrathore;
				TargetAttributes = {
					8F43013A227AC7D00028FA6D = {
						CreatedOnToolsVersion = 10.1;
					};
					8F43014E227AC7D10028FA6D = {
						CreatedOnToolsVersion = 10.1;
						TestTargetID = 8F43013A227AC7D00028FA6D;
					};
					8F430159227AC7D10028FA6D = {
						CreatedOnToolsVersion = 10.1;
						TestTargetID = 8F43013A227AC7D00028FA6D;
					};
				};
			};
			buildConfigurationList = 8F430136227AC7D00028FA6D /* Build configuration list for PBXProject "Kontacts" */;
			compatibilityVersion = "Xcode 9.3";
			developmentRegion = en;
			hasScannedForEncodings = 0;
			knownRegions = (
				en,
				Base,
			);
			mainGroup = 8F430132227AC7D00028FA6D;
			productRefGroup = 8F43013C227AC7D00028FA6D /* Products */;
			projectDirPath = "";
			projectRoot = "";
			targets = (
				8F43013A227AC7D00028FA6D /* Kontacts */,
				8F43014E227AC7D10028FA6D /* KontactsTests */,
				8F430159227AC7D10028FA6D /* KontactsUITests */,
			);
		};
/* End PBXProject section */

/* Begin PBXResourcesBuildPhase section */
		8F430139227AC7D00028FA6D /* Resources */ = {
			isa = PBXResourcesBuildPhase;
			buildActionMask = 2147483647;
			files = (
				8F430149227AC7D10028FA6D /* LaunchScreen.storyboard in Resources */,
				8F430146227AC7D10028FA6D /* Assets.xcassets in Resources */,
				8F430144227AC7D00028FA6D /* Main.storyboard in Resources */,
			);
			runOnlyForDeploymentPostprocessing = 0;
		};
		8F43014D227AC7D10028FA6D /* Resources */ = {
			isa = PBXResourcesBuildPhase;
			buildActionMask = 2147483647;
			files = (
			);
			runOnlyForDeploymentPostprocessing = 0;
		};
		8F430158227AC7D10028FA6D /* Resources */ = {
			isa = PBXResourcesBuildPhase;
			buildActionMask = 2147483647;
			files = (
			);
			runOnlyForDeploymentPostprocessing = 0;
		};
/* End PBXResourcesBuildPhase section */

/* Begin PBXSourcesBuildPhase section */
		8F430137227AC7D00028FA6D /* Sources */ = {
			isa = PBXSourcesBuildPhase;
			buildActionMask = 2147483647;
			files = (
				8F430179227ACC520028FA6D /* Reusable.swift in Sources */,
				8F43019C227AF87F0028FA6D /* ContactServiceProtocol.swift in Sources */,
				8F43018B227AE2980028FA6D /* ContactDetailsModel.swift in Sources */,
				8F43018D227AE38A0028FA6D /* StoryboardLoadable.swift in Sources */,
				8F430194227AECCC0028FA6D /* AddEditContactViewModel.swift in Sources */,
				8F430192227AEBC40028FA6D /* AddEditContactViewController.swift in Sources */,
				8F430174227ACB9F0028FA6D /* ContactListCell.swift in Sources */,
				8F430184227AD1010028FA6D /* UIViewController+Ext.swift in Sources */,
				8F430182227ACFF10028FA6D /* ContactService.swift in Sources */,
				8F430198227AF0FA0028FA6D /* DataChangeDelegate.swift in Sources */,
				8F43016E227AC8300028FA6D /* ContactModel.swift in Sources */,
				8F43013F227AC7D00028FA6D /* AppDelegate.swift in Sources */,
				8F430170227AC8CD0028FA6D /* ContactListViewController.swift in Sources */,
				8F430187227ADFE20028FA6D /* ContactDetailsViewController.swift in Sources */,
				8F430189227AE0BF0028FA6D /* UIView+Ext.swift in Sources */,
				8F430180227ACF750028FA6D /* ApiRouter.swift in Sources */,
				8F43017B227ACE460028FA6D /* ContactListViewModel.swift in Sources */,
				8F430176227ACC060028FA6D /* CustomImageView.swift in Sources */,
				8F43018F227AE5C80028FA6D /* ContactDetailsViewModel.swift in Sources */,
			);
			runOnlyForDeploymentPostprocessing = 0;
		};
		8F43014B227AC7D10028FA6D /* Sources */ = {
			isa = PBXSourcesBuildPhase;
			buildActionMask = 2147483647;
			files = (
				8F4301A4227B26D30028FA6D /* ContactDetailsViewModelTests.swift in Sources */,
				8F4301A2227AFD470028FA6D /* MockData.swift in Sources */,
				8F43019A227AF5980028FA6D /* ContactListViewModelTests.swift in Sources */,
				8F43019E227AFA2C0028FA6D /* MockContactService.swift in Sources */,
			);
			runOnlyForDeploymentPostprocessing = 0;
		};
		8F430156227AC7D10028FA6D /* Sources */ = {
			isa = PBXSourcesBuildPhase;
			buildActionMask = 2147483647;
			files = (
				8F43015F227AC7D10028FA6D /* KontactsUITests.swift in Sources */,
			);
			runOnlyForDeploymentPostprocessing = 0;
		};
/* End PBXSourcesBuildPhase section */

/* Begin PBXTargetDependency section */
		8F430151227AC7D10028FA6D /* PBXTargetDependency */ = {
			isa = PBXTargetDependency;
			target = 8F43013A227AC7D00028FA6D /* Kontacts */;
			targetProxy = 8F430150227AC7D10028FA6D /* PBXContainerItemProxy */;
		};
		8F43015C227AC7D10028FA6D /* PBXTargetDependency */ = {
			isa = PBXTargetDependency;
			target = 8F43013A227AC7D00028FA6D /* Kontacts */;
			targetProxy = 8F43015B227AC7D10028FA6D /* PBXContainerItemProxy */;
		};
/* End PBXTargetDependency section */

/* Begin PBXVariantGroup section */
		8F430142227AC7D00028FA6D /* Main.storyboard */ = {
			isa = PBXVariantGroup;
			children = (
				8F430143227AC7D00028FA6D /* Base */,
			);
			name = Main.storyboard;
			sourceTree = "<group>";
		};
		8F430147227AC7D10028FA6D /* LaunchScreen.storyboard */ = {
			isa = PBXVariantGroup;
			children = (
				8F430148227AC7D10028FA6D /* Base */,
			);
			name = LaunchScreen.storyboard;
			sourceTree = "<group>";
		};
/* End PBXVariantGroup section */

/* Begin XCBuildConfiguration section */
		8F430161227AC7D10028FA6D /* Debug */ = {
			isa = XCBuildConfiguration;
			buildSettings = {
				ALWAYS_SEARCH_USER_PATHS = NO;
				CLANG_ANALYZER_NONNULL = YES;
				CLANG_ANALYZER_NUMBER_OBJECT_CONVERSION = YES_AGGRESSIVE;
				CLANG_CXX_LANGUAGE_STANDARD = "gnu++14";
				CLANG_CXX_LIBRARY = "libc++";
				CLANG_ENABLE_MODULES = YES;
				CLANG_ENABLE_OBJC_ARC = YES;
				CLANG_ENABLE_OBJC_WEAK = YES;
				CLANG_WARN_BLOCK_CAPTURE_AUTORELEASING = YES;
				CLANG_WARN_BOOL_CONVERSION = YES;
				CLANG_WARN_COMMA = YES;
				CLANG_WARN_CONSTANT_CONVERSION = YES;
				CLANG_WARN_DEPRECATED_OBJC_IMPLEMENTATIONS = YES;
				CLANG_WARN_DIRECT_OBJC_ISA_USAGE = YES_ERROR;
				CLANG_WARN_DOCUMENTATION_COMMENTS = YES;
				CLANG_WARN_EMPTY_BODY = YES;
				CLANG_WARN_ENUM_CONVERSION = YES;
				CLANG_WARN_INFINITE_RECURSION = YES;
				CLANG_WARN_INT_CONVERSION = YES;
				CLANG_WARN_NON_LITERAL_NULL_CONVERSION = YES;
				CLANG_WARN_OBJC_IMPLICIT_RETAIN_SELF = YES;
				CLANG_WARN_OBJC_LITERAL_CONVERSION = YES;
				CLANG_WARN_OBJC_ROOT_CLASS = YES_ERROR;
				CLANG_WARN_RANGE_LOOP_ANALYSIS = YES;
				CLANG_WARN_STRICT_PROTOTYPES = YES;
				CLANG_WARN_SUSPICIOUS_MOVE = YES;
				CLANG_WARN_UNGUARDED_AVAILABILITY = YES_AGGRESSIVE;
				CLANG_WARN_UNREACHABLE_CODE = YES;
				CLANG_WARN__DUPLICATE_METHOD_MATCH = YES;
				CODE_SIGN_IDENTITY = "iPhone Developer";
				COPY_PHASE_STRIP = NO;
				DEBUG_INFORMATION_FORMAT = dwarf;
				ENABLE_STRICT_OBJC_MSGSEND = YES;
				ENABLE_TESTABILITY = YES;
				GCC_C_LANGUAGE_STANDARD = gnu11;
				GCC_DYNAMIC_NO_PIC = NO;
				GCC_NO_COMMON_BLOCKS = YES;
				GCC_OPTIMIZATION_LEVEL = 0;
				GCC_PREPROCESSOR_DEFINITIONS = (
					"DEBUG=1",
					"$(inherited)",
				);
				GCC_WARN_64_TO_32_BIT_CONVERSION = YES;
				GCC_WARN_ABOUT_RETURN_TYPE = YES_ERROR;
				GCC_WARN_UNDECLARED_SELECTOR = YES;
				GCC_WARN_UNINITIALIZED_AUTOS = YES_AGGRESSIVE;
				GCC_WARN_UNUSED_FUNCTION = YES;
				GCC_WARN_UNUSED_VARIABLE = YES;
				IPHONEOS_DEPLOYMENT_TARGET = 12.1;
				MTL_ENABLE_DEBUG_INFO = INCLUDE_SOURCE;
				MTL_FAST_MATH = YES;
				ONLY_ACTIVE_ARCH = YES;
				SDKROOT = iphoneos;
				SWIFT_ACTIVE_COMPILATION_CONDITIONS = DEBUG;
				SWIFT_OPTIMIZATION_LEVEL = "-Onone";
			};
			name = Debug;
		};
		8F430162227AC7D10028FA6D /* Release */ = {
			isa = XCBuildConfiguration;
			buildSettings = {
				ALWAYS_SEARCH_USER_PATHS = NO;
				CLANG_ANALYZER_NONNULL = YES;
				CLANG_ANALYZER_NUMBER_OBJECT_CONVERSION = YES_AGGRESSIVE;
				CLANG_CXX_LANGUAGE_STANDARD = "gnu++14";
				CLANG_CXX_LIBRARY = "libc++";
				CLANG_ENABLE_MODULES = YES;
				CLANG_ENABLE_OBJC_ARC = YES;
				CLANG_ENABLE_OBJC_WEAK = YES;
				CLANG_WARN_BLOCK_CAPTURE_AUTORELEASING = YES;
				CLANG_WARN_BOOL_CONVERSION = YES;
				CLANG_WARN_COMMA = YES;
				CLANG_WARN_CONSTANT_CONVERSION = YES;
				CLANG_WARN_DEPRECATED_OBJC_IMPLEMENTATIONS = YES;
				CLANG_WARN_DIRECT_OBJC_ISA_USAGE = YES_ERROR;
				CLANG_WARN_DOCUMENTATION_COMMENTS = YES;
				CLANG_WARN_EMPTY_BODY = YES;
				CLANG_WARN_ENUM_CONVERSION = YES;
				CLANG_WARN_INFINITE_RECURSION = YES;
				CLANG_WARN_INT_CONVERSION = YES;
				CLANG_WARN_NON_LITERAL_NULL_CONVERSION = YES;
				CLANG_WARN_OBJC_IMPLICIT_RETAIN_SELF = YES;
				CLANG_WARN_OBJC_LITERAL_CONVERSION = YES;
				CLANG_WARN_OBJC_ROOT_CLASS = YES_ERROR;
				CLANG_WARN_RANGE_LOOP_ANALYSIS = YES;
				CLANG_WARN_STRICT_PROTOTYPES = YES;
				CLANG_WARN_SUSPICIOUS_MOVE = YES;
				CLANG_WARN_UNGUARDED_AVAILABILITY = YES_AGGRESSIVE;
				CLANG_WARN_UNREACHABLE_CODE = YES;
				CLANG_WARN__DUPLICATE_METHOD_MATCH = YES;
				CODE_SIGN_IDENTITY = "iPhone Developer";
				COPY_PHASE_STRIP = NO;
				DEBUG_INFORMATION_FORMAT = "dwarf-with-dsym";
				ENABLE_NS_ASSERTIONS = NO;
				ENABLE_STRICT_OBJC_MSGSEND = YES;
				GCC_C_LANGUAGE_STANDARD = gnu11;
				GCC_NO_COMMON_BLOCKS = YES;
				GCC_WARN_64_TO_32_BIT_CONVERSION = YES;
				GCC_WARN_ABOUT_RETURN_TYPE = YES_ERROR;
				GCC_WARN_UNDECLARED_SELECTOR = YES;
				GCC_WARN_UNINITIALIZED_AUTOS = YES_AGGRESSIVE;
				GCC_WARN_UNUSED_FUNCTION = YES;
				GCC_WARN_UNUSED_VARIABLE = YES;
				IPHONEOS_DEPLOYMENT_TARGET = 12.1;
				MTL_ENABLE_DEBUG_INFO = NO;
				MTL_FAST_MATH = YES;
				SDKROOT = iphoneos;
				SWIFT_COMPILATION_MODE = wholemodule;
				SWIFT_OPTIMIZATION_LEVEL = "-O";
				VALIDATE_PRODUCT = YES;
			};
			name = Release;
		};
		8F430164227AC7D10028FA6D /* Debug */ = {
			isa = XCBuildConfiguration;
			buildSettings = {
				ASSETCATALOG_COMPILER_APPICON_NAME = AppIcon;
				CODE_SIGN_STYLE = Automatic;
				DEVELOPMENT_TEAM = TMG254D42M;
				INFOPLIST_FILE = "$(SRCROOT)/Kontacts/AdditionalFiles/Info.plist";
				LD_RUNPATH_SEARCH_PATHS = (
					"$(inherited)",
					"@executable_path/Frameworks",
				);
				PRODUCT_BUNDLE_IDENTIFIER = me.kapilrathore.Kontacts;
				PRODUCT_NAME = "$(TARGET_NAME)";
				SWIFT_VERSION = 4.2;
				TARGETED_DEVICE_FAMILY = "1,2";
			};
			name = Debug;
		};
		8F430165227AC7D10028FA6D /* Release */ = {
			isa = XCBuildConfiguration;
			buildSettings = {
				ASSETCATALOG_COMPILER_APPICON_NAME = AppIcon;
				CODE_SIGN_STYLE = Automatic;
				DEVELOPMENT_TEAM = TMG254D42M;
				INFOPLIST_FILE = "$(SRCROOT)/Kontacts/AdditionalFiles/Info.plist";
				LD_RUNPATH_SEARCH_PATHS = (
					"$(inherited)",
					"@executable_path/Frameworks",
				);
				PRODUCT_BUNDLE_IDENTIFIER = me.kapilrathore.Kontacts;
				PRODUCT_NAME = "$(TARGET_NAME)";
				SWIFT_VERSION = 4.2;
				TARGETED_DEVICE_FAMILY = "1,2";
			};
			name = Release;
		};
		8F430167227AC7D10028FA6D /* Debug */ = {
			isa = XCBuildConfiguration;
			buildSettings = {
				ALWAYS_EMBED_SWIFT_STANDARD_LIBRARIES = YES;
				BUNDLE_LOADER = "$(TEST_HOST)";
				CODE_SIGN_STYLE = Automatic;
				DEVELOPMENT_TEAM = TMG254D42M;
				INFOPLIST_FILE = KontactsTests/Info.plist;
				LD_RUNPATH_SEARCH_PATHS = (
					"$(inherited)",
					"@executable_path/Frameworks",
					"@loader_path/Frameworks",
				);
				PRODUCT_BUNDLE_IDENTIFIER = me.kapilrathore.KontactsTests;
				PRODUCT_NAME = "$(TARGET_NAME)";
				SWIFT_VERSION = 4.2;
				TARGETED_DEVICE_FAMILY = "1,2";
				TEST_HOST = "$(BUILT_PRODUCTS_DIR)/Kontacts.app/Kontacts";
			};
			name = Debug;
		};
		8F430168227AC7D10028FA6D /* Release */ = {
			isa = XCBuildConfiguration;
			buildSettings = {
				ALWAYS_EMBED_SWIFT_STANDARD_LIBRARIES = YES;
				BUNDLE_LOADER = "$(TEST_HOST)";
				CODE_SIGN_STYLE = Automatic;
				DEVELOPMENT_TEAM = TMG254D42M;
				INFOPLIST_FILE = KontactsTests/Info.plist;
				LD_RUNPATH_SEARCH_PATHS = (
					"$(inherited)",
					"@executable_path/Frameworks",
					"@loader_path/Frameworks",
				);
				PRODUCT_BUNDLE_IDENTIFIER = me.kapilrathore.KontactsTests;
				PRODUCT_NAME = "$(TARGET_NAME)";
				SWIFT_VERSION = 4.2;
				TARGETED_DEVICE_FAMILY = "1,2";
				TEST_HOST = "$(BUILT_PRODUCTS_DIR)/Kontacts.app/Kontacts";
			};
			name = Release;
		};
		8F43016A227AC7D10028FA6D /* Debug */ = {
			isa = XCBuildConfiguration;
			buildSettings = {
				ALWAYS_EMBED_SWIFT_STANDARD_LIBRARIES = YES;
				CODE_SIGN_STYLE = Automatic;
				DEVELOPMENT_TEAM = TMG254D42M;
				INFOPLIST_FILE = KontactsUITests/Info.plist;
				LD_RUNPATH_SEARCH_PATHS = (
					"$(inherited)",
					"@executable_path/Frameworks",
					"@loader_path/Frameworks",
				);
				PRODUCT_BUNDLE_IDENTIFIER = me.kapilrathore.KontactsUITests;
				PRODUCT_NAME = "$(TARGET_NAME)";
				SWIFT_VERSION = 4.2;
				TARGETED_DEVICE_FAMILY = "1,2";
				TEST_TARGET_NAME = Kontacts;
			};
			name = Debug;
		};
		8F43016B227AC7D10028FA6D /* Release */ = {
			isa = XCBuildConfiguration;
			buildSettings = {
				ALWAYS_EMBED_SWIFT_STANDARD_LIBRARIES = YES;
				CODE_SIGN_STYLE = Automatic;
				DEVELOPMENT_TEAM = TMG254D42M;
				INFOPLIST_FILE = KontactsUITests/Info.plist;
				LD_RUNPATH_SEARCH_PATHS = (
					"$(inherited)",
					"@executable_path/Frameworks",
					"@loader_path/Frameworks",
				);
				PRODUCT_BUNDLE_IDENTIFIER = me.kapilrathore.KontactsUITests;
				PRODUCT_NAME = "$(TARGET_NAME)";
				SWIFT_VERSION = 4.2;
				TARGETED_DEVICE_FAMILY = "1,2";
				TEST_TARGET_NAME = Kontacts;
			};
			name = Release;
		};
/* End XCBuildConfiguration section */

/* Begin XCConfigurationList section */
		8F430136227AC7D00028FA6D /* Build configuration list for PBXProject "Kontacts" */ = {
			isa = XCConfigurationList;
			buildConfigurations = (
				8F430161227AC7D10028FA6D /* Debug */,
				8F430162227AC7D10028FA6D /* Release */,
			);
			defaultConfigurationIsVisible = 0;
			defaultConfigurationName = Release;
		};
		8F430163227AC7D10028FA6D /* Build configuration list for PBXNativeTarget "Kontacts" */ = {
			isa = XCConfigurationList;
			buildConfigurations = (
				8F430164227AC7D10028FA6D /* Debug */,
				8F430165227AC7D10028FA6D /* Release */,
			);
			defaultConfigurationIsVisible = 0;
			defaultConfigurationName = Release;
		};
		8F430166227AC7D10028FA6D /* Build configuration list for PBXNativeTarget "KontactsTests" */ = {
			isa = XCConfigurationList;
			buildConfigurations = (
				8F430167227AC7D10028FA6D /* Debug */,
				8F430168227AC7D10028FA6D /* Release */,
			);
			defaultConfigurationIsVisible = 0;
			defaultConfigurationName = Release;
		};
		8F430169227AC7D10028FA6D /* Build configuration list for PBXNativeTarget "KontactsUITests" */ = {
			isa = XCConfigurationList;
			buildConfigurations = (
				8F43016A227AC7D10028FA6D /* Debug */,
				8F43016B227AC7D10028FA6D /* Release */,
			);
			defaultConfigurationIsVisible = 0;
			defaultConfigurationName = Release;
		};
/* End XCConfigurationList section */
	};
	rootObject = 8F430133227AC7D00028FA6D /* Project object */;
}
